{
    "_meta": {
        "hash": {
            "sha256": "8b728c4eb9ea0326452aa51b6fe29d20d711da708a8109d0b0f66816e3d9f479"
        },
        "pipfile-spec": 6,
        "requires": {
            "python_version": "3.8"
        },
        "sources": [
            {
                "name": "pypi",
                "url": "https://pypi.org/simple",
                "verify_ssl": true
            }
        ]
    },
    "default": {
        "decorator": {
            "hashes": [
                "sha256:7b12e7c3c6ab203a29e157335e9122cb03de9ab7264b137594103fd4a683b374",
                "sha256:e59913af105b9860aa2c8d3272d9de5a56a4e608db9a2f167a8480b323d529a7"
            ],
            "markers": "python_version >= '3.5'",
            "version": "==5.1.0"
        },
        "self": {
            "hashes": [
                "sha256:a0c408138257e0ba6188f2a7ad80cb3f61c3e48c3f85d1f973a160f6f887dc53"
            ],
            "index": "pypi",
            "version": "==2020.12.3"
        }
    },
    "develop": {}
}
